
Microsoft Visual Studio Solution File, Format Version 12.00
# Visual Studio Version 17
VisualStudioVersion = 17.9.34701.34
MinimumVisualStudioVersion = 10.0.40219.1
Project("{FAE04EC0-301F-11D3-BF4B-00C04F79EFBC}") = "McGuard", "McGuard.csproj", "{D27B174E-9FFB-4E9D-9848-B4590776DEAB}"
EndProject
Global
	GlobalSection(SolutionConfigurationPlatforms) = preSolution
		Debug|Any CPU = Debug|Any CPU
		Release|Any CPU = Release|Any CPU
	EndGlobalSection
	GlobalSection(ProjectConfigurationPlatforms) = postSolution
		{D27B174E-9FFB-4E9D-9848-B4590776DEAB}.Debug|Any CPU.ActiveCfg = Debug|Any CPU
		{D27B174E-9FFB-4E9D-9848-B4590776DEAB}.Debug|Any CPU.Build.0 = Debug|Any CPU
		{D27B174E-9FFB-4E9D-9848-B4590776DEAB}.Release|Any CPU.ActiveCfg = Release|Any CPU
		{D27B174E-9FFB-4E9D-9848-B4590776DEAB}.Release|Any CPU.Build.0 = Release|Any CPU
	EndGlobalSection
	GlobalSection(SolutionProperties) = preSolution
		HideSolutionNode = FALSE
	EndGlobalSection
	GlobalSection(ExtensibilityGlobals) = postSolution
		SolutionGuid = {F1716E4C-31BF-47A8-9B1D-C4C2048A0EFC}
	EndGlobalSection
EndGlobal
